// !$*UTF8*$!
{
	archiveVersion = 1;
	classes = {
	};
	objectVersion = 46;
	objects = {

/* Begin PBXBuildFile section */
		82D7D21139E501FF2B7D2D09 /* Pods_ixLocationS2.framework in Frameworks */ = {isa = PBXBuildFile; fileRef = 45592B183D563BC66B090DAC /* Pods_ixLocationS2.framework */; };
		B822DC531F0A8A480034659E /* AppDelegate.swift in Sources */ = {isa = PBXBuildFile; fileRef = B822DC521F0A8A480034659E /* AppDelegate.swift */; };
		B822DC551F0A8A480034659E /* FirstViewController.swift in Sources */ = {isa = PBXBuildFile; fileRef = B822DC541F0A8A480034659E /* FirstViewController.swift */; };
		B822DC571F0A8A480034659E /* SecondViewController.swift in Sources */ = {isa = PBXBuildFile; fileRef = B822DC561F0A8A480034659E /* SecondViewController.swift */; };
		B822DC5A1F0A8A480034659E /* Main.storyboard in Resources */ = {isa = PBXBuildFile; fileRef = B822DC581F0A8A480034659E /* Main.storyboard */; };
		B822DC5C1F0A8A480034659E /* Assets.xcassets in Resources */ = {isa = PBXBuildFile; fileRef = B822DC5B1F0A8A480034659E /* Assets.xcassets */; };
		B822DC5F1F0A8A480034659E /* LaunchScreen.storyboard in Resources */ = {isa = PBXBuildFile; fileRef = B822DC5D1F0A8A480034659E /* LaunchScreen.storyboard */; };
/* End PBXBuildFile section */

/* Begin PBXFileReference section */
		21EBF78B8CFFC2337F7A2ACC /* Pods-ixLocationS2.release.xcconfig */ = {isa = PBXFileReference; includeInIndex = 1; lastKnownFileType = text.xcconfig; name = "Pods-ixLocationS2.release.xcconfig"; path = "Pods/Target Support Files/Pods-ixLocationS2/Pods-ixLocationS2.release.xcconfig"; sourceTree = "<group>"; };
		423DE4E90077D11BA69CB52E /* Pods-ixLocationS2.debug.xcconfig */ = {isa = PBXFileReference; includeInIndex = 1; lastKnownFileType = text.xcconfig; name = "Pods-ixLocationS2.debug.xcconfig"; path = "Pods/Target Support Files/Pods-ixLocationS2/Pods-ixLocationS2.debug.xcconfig"; sourceTree = "<group>"; };
		45592B183D563BC66B090DAC /* Pods_ixLocationS2.framework */ = {isa = PBXFileReference; explicitFileType = wrapper.framework; includeInIndex = 0; path = Pods_ixLocationS2.framework; sourceTree = BUILT_PRODUCTS_DIR; };
		B822DC4F1F0A8A480034659E /* ixLocationS2.app */ = {isa = PBXFileReference; explicitFileType = wrapper.application; includeInIndex = 0; path = ixLocationS2.app; sourceTree = BUILT_PRODUCTS_DIR; };
		B822DC521F0A8A480034659E /* AppDelegate.swift */ = {isa = PBXFileReference; lastKnownFileType = sourcecode.swift; path = AppDelegate.swift; sourceTree = "<group>"; };
		B822DC541F0A8A480034659E /* FirstViewController.swift */ = {isa = PBXFileReference; lastKnownFileType = sourcecode.swift; path = FirstViewController.swift; sourceTree = "<group>"; };
		B822DC561F0A8A480034659E /* SecondViewController.swift */ = {isa = PBXFileReference; lastKnownFileType = sourcecode.swift; path = SecondViewController.swift; sourceTree = "<group>"; };
		B822DC591F0A8A480034659E /* Base */ = {isa = PBXFileReference; lastKnownFileType = file.storyboard; name = Base; path = Base.lproj/Main.storyboard; sourceTree = "<group>"; };
		B822DC5B1F0A8A480034659E /* Assets.xcassets */ = {isa = PBXFileReference; lastKnownFileType = folder.assetcatalog; path = Assets.xcassets; sourceTree = "<group>"; };
		B822DC5E1F0A8A480034659E /* Base */ = {isa = PBXFileReference; lastKnownFileType = file.storyboard; name = Base; path = Base.lproj/LaunchScreen.storyboard; sourceTree = "<group>"; };
		B822DC601F0A8A480034659E /* Info.plist */ = {isa = PBXFileReference; lastKnownFileType = text.plist.xml; path = Info.plist; sourceTree = "<group>"; };
/* End PBXFileReference section */

/* Begin PBXFrameworksBuildPhase section */
		B822DC4C1F0A8A480034659E /* Frameworks */ = {
			isa = PBXFrameworksBuildPhase;
			buildActionMask = 2147483647;
			files = (
				82D7D21139E501FF2B7D2D09 /* Pods_ixLocationS2.framework in Frameworks */,
			);
			runOnlyForDeploymentPostprocessing = 0;
		};
/* End PBXFrameworksBuildPhase section */

/* Begin PBXGroup section */
		77C46B15D1CD23C502787683 /* Pods */ = {
			isa = PBXGroup;
			children = (
				423DE4E90077D11BA69CB52E /* Pods-ixLocationS2.debug.xcconfig */,
				21EBF78B8CFFC2337F7A2ACC /* Pods-ixLocationS2.release.xcconfig */,
			);
			name = Pods;
			sourceTree = "<group>";
		};
		B822DC461F0A8A480034659E = {
			isa = PBXGroup;
			children = (
				B822DC511F0A8A480034659E /* ixLocationS2 */,
				B822DC501F0A8A480034659E /* Products */,
				77C46B15D1CD23C502787683 /* Pods */,
				D0173981F7DC28B1127BD4C5 /* Frameworks */,
			);
			sourceTree = "<group>";
		};
		B822DC501F0A8A480034659E /* Products */ = {
			isa = PBXGroup;
			children = (
				B822DC4F1F0A8A480034659E /* ixLocationS2.app */,
			);
			name = Products;
			sourceTree = "<group>";
		};
		B822DC511F0A8A480034659E /* ixLocationS2 */ = {
			isa = PBXGroup;
			children = (
				B822DC521F0A8A480034659E /* AppDelegate.swift */,
				B822DC541F0A8A480034659E /* FirstViewController.swift */,
				B822DC561F0A8A480034659E /* SecondViewController.swift */,
				B822DC581F0A8A480034659E /* Main.storyboard */,
				B822DC5B1F0A8A480034659E /* Assets.xcassets */,
				B822DC5D1F0A8A480034659E /* LaunchScreen.storyboard */,
				B822DC601F0A8A480034659E /* Info.plist */,
			);
			path = ixLocationS2;
			sourceTree = "<group>";
		};
		D0173981F7DC28B1127BD4C5 /* Frameworks */ = {
			isa = PBXGroup;
			children = (
				45592B183D563BC66B090DAC /* Pods_ixLocationS2.framework */,
			);
			name = Frameworks;
			sourceTree = "<group>";
		};
/* End PBXGroup section */

/* Begin PBXNativeTarget section */
		B822DC4E1F0A8A480034659E /* ixLocationS2 */ = {
			isa = PBXNativeTarget;
			buildConfigurationList = B822DC631F0A8A480034659E /* Build configuration list for PBXNativeTarget "ixLocationS2" */;
			buildPhases = (
				3EE600C01779E609046412FC /* [CP] Check Pods Manifest.lock */,
				B822DC4B1F0A8A480034659E /* Sources */,
				B822DC4C1F0A8A480034659E /* Frameworks */,
				B822DC4D1F0A8A480034659E /* Resources */,
				7C03233442A0032E6C9A71A2 /* [CP] Embed Pods Frameworks */,
				F66154987CB9747F4D135D55 /* [CP] Copy Pods Resources */,
			);
			buildRules = (
			);
			dependencies = (
			);
			name = ixLocationS2;
			productName = ixLocationS2;
			productReference = B822DC4F1F0A8A480034659E /* ixLocationS2.app */;
			productType = "com.apple.product-type.application";
		};
/* End PBXNativeTarget section */

/* Begin PBXProject section */
		B822DC471F0A8A480034659E /* Project object */ = {
			isa = PBXProject;
			attributes = {
				LastSwiftUpdateCheck = 0830;
				LastUpgradeCheck = 0830;
				ORGANIZATIONNAME = "RBG Applications";
				TargetAttributes = {
					B822DC4E1F0A8A480034659E = {
						CreatedOnToolsVersion = 8.3.3;
						DevelopmentTeam = 7JW7LM2822;
						ProvisioningStyle = Automatic;
					};
				};
			};
			buildConfigurationList = B822DC4A1F0A8A480034659E /* Build configuration list for PBXProject "ixLocationS2" */;
			compatibilityVersion = "Xcode 3.2";
			developmentRegion = English;
			hasScannedForEncodings = 0;
			knownRegions = (
				en,
				Base,
			);
			mainGroup = B822DC461F0A8A480034659E;
			productRefGroup = B822DC501F0A8A480034659E /* Products */;
			projectDirPath = "";
			projectRoot = "";
			targets = (
				B822DC4E1F0A8A480034659E /* ixLocationS2 */,
			);
		};
/* End PBXProject section */

/* Begin PBXResourcesBuildPhase section */
		B822DC4D1F0A8A480034659E /* Resources */ = {
			isa = PBXResourcesBuildPhase;
			buildActionMask = 2147483647;
			files = (
				B822DC5F1F0A8A480034659E /* LaunchScreen.storyboard in Resources */,
				B822DC5C1F0A8A480034659E /* Assets.xcassets in Resources */,
				B822DC5A1F0A8A480034659E /* Main.storyboard in Resources */,
			);
			runOnlyForDeploymentPostprocessing = 0;
		};
/* End PBXResourcesBuildPhase section */

/* Begin PBXShellScriptBuildPhase section */
		3EE600C01779E609046412FC /* [CP] Check Pods Manifest.lock */ = {
			isa = PBXShellScriptBuildPhase;
			buildActionMask = 2147483647;
			files = (
			);
			inputPaths = (
			);
			name = "[CP] Check Pods Manifest.lock";
			outputPaths = (
			);
			runOnlyForDeploymentPostprocessing = 0;
			shellPath = /bin/sh;
			shellScript = "diff \"${PODS_PODFILE_DIR_PATH}/Podfile.lock\" \"${PODS_ROOT}/Manifest.lock\" > /dev/null\nif [ $? != 0 ] ; then\n    # print error to STDERR\n    echo \"error: The sandbox is not in sync with the Podfile.lock. Run 'pod install' or update your CocoaPods installation.\" >&2\n    exit 1\nfi\n";
			showEnvVarsInLog = 0;
		};
		7C03233442A0032E6C9A71A2 /* [CP] Embed Pods Frameworks */ = {
			isa = PBXShellScriptBuildPhase;
			buildActionMask = 2147483647;
			files = (
			);
			inputPaths = (
			);
			name = "[CP] Embed Pods Frameworks";
			outputPaths = (
			);
			runOnlyForDeploymentPostprocessing = 0;
			shellPath = /bin/sh;
			shellScript = "\"${SRCROOT}/Pods/Target Support Files/Pods-ixLocationS2/Pods-ixLocationS2-frameworks.sh\"\n";
			showEnvVarsInLog = 0;
		};
		F66154987CB9747F4D135D55 /* [CP] Copy Pods Resources */ = {
			isa = PBXShellScriptBuildPhase;
			buildActionMask = 2147483647;
			files = (
			);
			inputPaths = (
			);
			name = "[CP] Copy Pods Resources";
			outputPaths = (
			);
			runOnlyForDeploymentPostprocessing = 0;
			shellPath = /bin/sh;
			shellScript = "\"${SRCROOT}/Pods/Target Support Files/Pods-ixLocationS2/Pods-ixLocationS2-resources.sh\"\n";
			showEnvVarsInLog = 0;
		};
/* End PBXShellScriptBuildPhase section */

/* Begin PBXSourcesBuildPhase section */
		B822DC4B1F0A8A480034659E /* Sources */ = {
			isa = PBXSourcesBuildPhase;
			buildActionMask = 2147483647;
			files = (
				B822DC571F0A8A480034659E /* SecondViewController.swift in Sources */,
				B822DC531F0A8A480034659E /* AppDelegate.swift in Sources */,
				B822DC551F0A8A480034659E /* FirstViewController.swift in Sources */,
			);
			runOnlyForDeploymentPostprocessing = 0;
		};
/* End PBXSourcesBuildPhase section */

/* Begin PBXVariantGroup section */
		B822DC581F0A8A480034659E /* Main.storyboard */ = {
			isa = PBXVariantGroup;
			children = (
				B822DC591F0A8A480034659E /* Base */,
			);
			name = Main.storyboard;
			sourceTree = "<group>";
		};
		B822DC5D1F0A8A480034659E /* LaunchScreen.storyboard */ = {
			isa = PBXVariantGroup;
			children = (
				B822DC5E1F0A8A480034659E /* Base */,
			);
			name = LaunchScreen.storyboard;
			sourceTree = "<group>";
		};
/* End PBXVariantGroup section */

/* Begin XCBuildConfiguration section */
		B822DC611F0A8A480034659E /* Debug */ = {
			isa = XCBuildConfiguration;
			buildSettings = {
				ALWAYS_SEARCH_USER_PATHS = NO;
				CLANG_ANALYZER_NONNULL = YES;
				CLANG_ANALYZER_NUMBER_OBJECT_CONVERSION = YES_AGGRESSIVE;
				CLANG_CXX_LANGUAGE_STANDARD = "gnu++0x";
				CLANG_CXX_LIBRARY = "libc++";
				CLANG_ENABLE_MODULES = YES;
				CLANG_ENABLE_OBJC_ARC = YES;
				CLANG_WARN_BOOL_CONVERSION = YES;
				CLANG_WARN_CONSTANT_CONVERSION = YES;
				CLANG_WARN_DIRECT_OBJC_ISA_USAGE = YES_ERROR;
				CLANG_WARN_DOCUMENTATION_COMMENTS = YES;
				CLANG_WARN_EMPTY_BODY = YES;
				CLANG_WARN_ENUM_CONVERSION = YES;
				CLANG_WARN_INFINITE_RECURSION = YES;
				CLANG_WARN_INT_CONVERSION = YES;
				CLANG_WARN_OBJC_ROOT_CLASS = YES_ERROR;
				CLANG_WARN_SUSPICIOUS_MOVE = YES;
				CLANG_WARN_UNREACHABLE_CODE = YES;
				CLANG_WARN__DUPLICATE_METHOD_MATCH = YES;
				"CODE_SIGN_IDENTITY[sdk=iphoneos*]" = "iPhone Developer";
				COPY_PHASE_STRIP = NO;
				DEBUG_INFORMATION_FORMAT = dwarf;
				ENABLE_STRICT_OBJC_MSGSEND = YES;
				ENABLE_TESTABILITY = YES;
				GCC_C_LANGUAGE_STANDARD = gnu99;
				GCC_DYNAMIC_NO_PIC = NO;
				GCC_NO_COMMON_BLOCKS = YES;
				GCC_OPTIMIZATION_LEVEL = 0;
				GCC_PREPROCESSOR_DEFINITIONS = (
					"DEBUG=1",
					"$(inherited)",
				);
				GCC_WARN_64_TO_32_BIT_CONVERSION = YES;
				GCC_WARN_ABOUT_RETURN_TYPE = YES_ERROR;
				GCC_WARN_UNDECLARED_SELECTOR = YES;
				GCC_WARN_UNINITIALIZED_AUTOS = YES_AGGRESSIVE;
				GCC_WARN_UNUSED_FUNCTION = YES;
				GCC_WARN_UNUSED_VARIABLE = YES;
				IPHONEOS_DEPLOYMENT_TARGET = 10.3;
				MTL_ENABLE_DEBUG_INFO = YES;
				ONLY_ACTIVE_ARCH = YES;
				SDKROOT = iphoneos;
				SWIFT_ACTIVE_COMPILATION_CONDITIONS = DEBUG;
				SWIFT_OPTIMIZATION_LEVEL = "-Onone";
				TARGETED_DEVICE_FAMILY = "1,2";
			};
			name = Debug;
		};
		B822DC621F0A8A480034659E /* Release */ = {
			isa = XCBuildConfiguration;
			buildSettings = {
				ALWAYS_SEARCH_USER_PATHS = NO;
				CLANG_ANALYZER_NONNULL = YES;
				CLANG_ANALYZER_NUMBER_OBJECT_CONVERSION = YES_AGGRESSIVE;
				CLANG_CXX_LANGUAGE_STANDARD = "gnu++0x";
				CLANG_CXX_LIBRARY = "libc++";
				CLANG_ENABLE_MODULES = YES;
				CLANG_ENABLE_OBJC_ARC = YES;
				CLANG_WARN_BOOL_CONVERSION = YES;
				CLANG_WARN_CONSTANT_CONVERSION = YES;
				CLANG_WARN_DIRECT_OBJC_ISA_USAGE = YES_ERROR;
				CLANG_WARN_DOCUMENTATION_COMMENTS = YES;
				CLANG_WARN_EMPTY_BODY = YES;
				CLANG_WARN_ENUM_CONVERSION = YES;
				CLANG_WARN_INFINITE_RECURSION = YES;
				CLANG_WARN_INT_CONVERSION = YES;
				CLANG_WARN_OBJC_ROOT_CLASS = YES_ERROR;
				CLANG_WARN_SUSPICIOUS_MOVE = YES;
				CLANG_WARN_UNREACHABLE_CODE = YES;
				CLANG_WARN__DUPLICATE_METHOD_MATCH = YES;
				"CODE_SIGN_IDENTITY[sdk=iphoneos*]" = "iPhone Developer";
				COPY_PHASE_STRIP = NO;
				DEBUG_INFORMATION_FORMAT = "dwarf-with-dsym";
				ENABLE_NS_ASSERTIONS = NO;
				ENABLE_STRICT_OBJC_MSGSEND = YES;
				GCC_C_LANGUAGE_STANDARD = gnu99;
				GCC_NO_COMMON_BLOCKS = YES;
				GCC_WARN_64_TO_32_BIT_CONVERSION = YES;
				GCC_WARN_ABOUT_RETURN_TYPE = YES_ERROR;
				GCC_WARN_UNDECLARED_SELECTOR = YES;
				GCC_WARN_UNINITIALIZED_AUTOS = YES_AGGRESSIVE;
				GCC_WARN_UNUSED_FUNCTION = YES;
				GCC_WARN_UNUSED_VARIABLE = YES;
				IPHONEOS_DEPLOYMENT_TARGET = 10.3;
				MTL_ENABLE_DEBUG_INFO = NO;
				SDKROOT = iphoneos;
				SWIFT_OPTIMIZATION_LEVEL = "-Owholemodule";
				TARGETED_DEVICE_FAMILY = "1,2";
				VALIDATE_PRODUCT = YES;
			};
			name = Release;
		};
		B822DC641F0A8A480034659E /* Debug */ = {
			isa = XCBuildConfiguration;
			baseConfigurationReference = 423DE4E90077D11BA69CB52E /* Pods-ixLocationS2.debug.xcconfig */;
			buildSettings = {
				ASSETCATALOG_COMPILER_APPICON_NAME = AppIcon;
				DEVELOPMENT_TEAM = 7JW7LM2822;
				INFOPLIST_FILE = ixLocationS2/Info.plist;
				LD_RUNPATH_SEARCH_PATHS = "$(inherited) @executable_path/Frameworks";
				PRODUCT_BUNDLE_IDENTIFIER = com.rbgapps.ixLocationS2;
				PRODUCT_NAME = "$(TARGET_NAME)";
				SWIFT_VERSION = 3.0;
			};
			name = Debug;
		};
		B822DC651F0A8A480034659E /* Release */ = {
			isa = XCBuildConfiguration;
			baseConfigurationReference = 21EBF78B8CFFC2337F7A2ACC /* Pods-ixLocationS2.release.xcconfig */;
			buildSettings = {
				ASSETCATALOG_COMPILER_APPICON_NAME = AppIcon;
				DEVELOPMENT_TEAM = 7JW7LM2822;
				INFOPLIST_FILE = ixLocationS2/Info.plist;
				LD_RUNPATH_SEARCH_PATHS = "$(inherited) @executable_path/Frameworks";
				PRODUCT_BUNDLE_IDENTIFIER = com.rbgapps.ixLocationS2;
				PRODUCT_NAME = "$(TARGET_NAME)";
				SWIFT_VERSION = 3.0;
			};
			name = Release;
		};
/* End XCBuildConfiguration section */

/* Begin XCConfigurationList section */
		B822DC4A1F0A8A480034659E /* Build configuration list for PBXProject "ixLocationS2" */ = {
			isa = XCConfigurationList;
			buildConfigurations = (
				B822DC611F0A8A480034659E /* Debug */,
				B822DC621F0A8A480034659E /* Release */,
			);
			defaultConfigurationIsVisible = 0;
			defaultConfigurationName = Release;
		};
		B822DC631F0A8A480034659E /* Build configuration list for PBXNativeTarget "ixLocationS2" */ = {
			isa = XCConfigurationList;
			buildConfigurations = (
				B822DC641F0A8A480034659E /* Debug */,
				B822DC651F0A8A480034659E /* Release */,
			);
			defaultConfigurationIsVisible = 0;
		};
/* End XCConfigurationList section */
	};
	rootObject = B822DC471F0A8A480034659E /* Project object */;
}
